# This file is autogenerated, do not edit; changes may be undone by the next 'dep ensure'.


[[projects]]
  name = "github.com/garyburd/redigo"
  packages = ["internal","redis"]
  revision = "47dc60e71eed504e3ef8e77ee3c6fe720f3be57f"
  version = "v1.3.0"

[[projects]]
  name = "github.com/go-playground/locales"
  packages = [".","currency"]
  revision = "e4cbcb5d0652150d40ad0646651076b6bd2be4f6"
  version = "v0.11.2"

[[projects]]
  name = "github.com/go-playground/universal-translator"
  packages = ["."]
  revision = "b32fa301c9fe55953584134cb6853a13c87ec0a1"
  version = "v0.16.0"

[[projects]]
  name = "github.com/go-playground/validator"
  packages = ["."]
  revision = "61caf9d3038e1af346dbf5c2e16f6678e1548364"
  version = "v9.9.0"

[[projects]]
  branch = "master"
  name = "golang.org/x/crypto"
  packages = ["ssh/terminal"]
  revision = "9f005a07e0d31d45e6656d241bb5c0f2efd4bc94"

[[projects]]
  branch = "master"
  name = "golang.org/x/sys"
  packages = ["unix","windows"]
  revision = "82aafbf43bf885069dc71b7e7c2f9d7a614d47da"

[solve-meta]
  analyzer-name = "dep"
  analyzer-version = 1
  inputs-digest = "e263ee4b96c71c3186ab489e92e771243c7c8b9736d5899924b4601856040c2b"
  solver-name = "gps-cdcl"
  solver-version = 1
